
Microsoft Visual Studio Solution File, Format Version 12.00
# Visual Studio Version 17
VisualStudioVersion = 17.0.31903.59
MinimumVisualStudioVersion = 10.0.40219.1
Project("{FAE04EC0-301F-11D3-BF4B-00C04F79EFBC}") = "DominosishBlazor", "DominosishBlazor\DominosishBlazor.csproj", "{8D5C8656-5EA1-48D0-880D-A92178B79F67}"
EndProject
Project("{FAE04EC0-301F-11D3-BF4B-00C04F79EFBC}") = "DominosishConsole", "DominosishConsole\DominosishConsole.csproj", "{15162A45-8141-4395-A8DA-086B76E11374}"
EndProject
Project("{FAE04EC0-301F-11D3-BF4B-00C04F79EFBC}") = "DominosishLogic", "DominosishLogic\DominosishLogic.csproj", "{3F2A133F-D7E4-4C5F-9EEF-3BE868E63F06}"
EndProject
Project("{FAE04EC0-301F-11D3-BF4B-00C04F79EFBC}") = "DominosishTests", "DominosishTests\DominosishTests.csproj", "{448C6690-6A7F-4BE8-8381-ADDC24B5EF32}"
EndProject
Global
	GlobalSection(SolutionConfigurationPlatforms) = preSolution
		Debug|Any CPU = Debug|Any CPU
		Release|Any CPU = Release|Any CPU
	EndGlobalSection
	GlobalSection(SolutionProperties) = preSolution
		HideSolutionNode = FALSE
	EndGlobalSection
	GlobalSection(ProjectConfigurationPlatforms) = postSolution
		{8D5C8656-5EA1-48D0-880D-A92178B79F67}.Debug|Any CPU.ActiveCfg = Debug|Any CPU
		{8D5C8656-5EA1-48D0-880D-A92178B79F67}.Debug|Any CPU.Build.0 = Debug|Any CPU
		{8D5C8656-5EA1-48D0-880D-A92178B79F67}.Release|Any CPU.ActiveCfg = Release|Any CPU
		{8D5C8656-5EA1-48D0-880D-A92178B79F67}.Release|Any CPU.Build.0 = Release|Any CPU
		{15162A45-8141-4395-A8DA-086B76E11374}.Debug|Any CPU.ActiveCfg = Debug|Any CPU
		{15162A45-8141-4395-A8DA-086B76E11374}.Debug|Any CPU.Build.0 = Debug|Any CPU
		{15162A45-8141-4395-A8DA-086B76E11374}.Release|Any CPU.ActiveCfg = Release|Any CPU
		{15162A45-8141-4395-A8DA-086B76E11374}.Release|Any CPU.Build.0 = Release|Any CPU
		{3F2A133F-D7E4-4C5F-9EEF-3BE868E63F06}.Debug|Any CPU.ActiveCfg = Debug|Any CPU
		{3F2A133F-D7E4-4C5F-9EEF-3BE868E63F06}.Debug|Any CPU.Build.0 = Debug|Any CPU
		{3F2A133F-D7E4-4C5F-9EEF-3BE868E63F06}.Release|Any CPU.ActiveCfg = Release|Any CPU
		{3F2A133F-D7E4-4C5F-9EEF-3BE868E63F06}.Release|Any CPU.Build.0 = Release|Any CPU
		{448C6690-6A7F-4BE8-8381-ADDC24B5EF32}.Debug|Any CPU.ActiveCfg = Debug|Any CPU
		{448C6690-6A7F-4BE8-8381-ADDC24B5EF32}.Debug|Any CPU.Build.0 = Debug|Any CPU
		{448C6690-6A7F-4BE8-8381-ADDC24B5EF32}.Release|Any CPU.ActiveCfg = Release|Any CPU
		{448C6690-6A7F-4BE8-8381-ADDC24B5EF32}.Release|Any CPU.Build.0 = Release|Any CPU
	EndGlobalSection
EndGlobal
